
Microsoft Visual Studio Solution File, Format Version 12.00
# Visual Studio Version 16
VisualStudioVersion = 16.0.31702.278
MinimumVisualStudioVersion = 10.0.40219.1
Project("{FAE04EC0-301F-11D3-BF4B-00C04F79EFBC}") = "Presentacion_Automotriz", "Presentacion_Automotriz\Presentacion_Automotriz.csproj", "{8364C704-3308-45F7-94A2-23CF210D936B}"
EndProject
Project("{FAE04EC0-301F-11D3-BF4B-00C04F79EFBC}") = "Entidades_Automotriz", "Entidades_Automotriz\Entidades_Automotriz.csproj", "{6AEBBD6E-E0D9-4954-9E64-551525BBFE6B}"
EndProject
Project("{FAE04EC0-301F-11D3-BF4B-00C04F79EFBC}") = "Acceso_Datos_Automotriz", "Acceso_Datos_Automotriz\Acceso_Datos_Automotriz.csproj", "{E003D2F9-6B48-4A57-AC95-5D87E6CFE165}"
EndProject
Project("{FAE04EC0-301F-11D3-BF4B-00C04F79EFBC}") = "Manejadores_Automotriz", "Manejadores_Automotriz\Manejadores_Automotriz.csproj", "{EC815637-332E-421D-86A9-7140E0DDDD6A}"
EndProject
Global
	GlobalSection(SolutionConfigurationPlatforms) = preSolution
		Debug|Any CPU = Debug|Any CPU
		Release|Any CPU = Release|Any CPU
	EndGlobalSection
	GlobalSection(ProjectConfigurationPlatforms) = postSolution
		{8364C704-3308-45F7-94A2-23CF210D936B}.Debug|Any CPU.ActiveCfg = Debug|Any CPU
		{8364C704-3308-45F7-94A2-23CF210D936B}.Debug|Any CPU.Build.0 = Debug|Any CPU
		{8364C704-3308-45F7-94A2-23CF210D936B}.Release|Any CPU.ActiveCfg = Release|Any CPU
		{8364C704-3308-45F7-94A2-23CF210D936B}.Release|Any CPU.Build.0 = Release|Any CPU
		{6AEBBD6E-E0D9-4954-9E64-551525BBFE6B}.Debug|Any CPU.ActiveCfg = Debug|Any CPU
		{6AEBBD6E-E0D9-4954-9E64-551525BBFE6B}.Debug|Any CPU.Build.0 = Debug|Any CPU
		{6AEBBD6E-E0D9-4954-9E64-551525BBFE6B}.Release|Any CPU.ActiveCfg = Release|Any CPU
		{6AEBBD6E-E0D9-4954-9E64-551525BBFE6B}.Release|Any CPU.Build.0 = Release|Any CPU
		{E003D2F9-6B48-4A57-AC95-5D87E6CFE165}.Debug|Any CPU.ActiveCfg = Debug|Any CPU
		{E003D2F9-6B48-4A57-AC95-5D87E6CFE165}.Debug|Any CPU.Build.0 = Debug|Any CPU
		{E003D2F9-6B48-4A57-AC95-5D87E6CFE165}.Release|Any CPU.ActiveCfg = Release|Any CPU
		{E003D2F9-6B48-4A57-AC95-5D87E6CFE165}.Release|Any CPU.Build.0 = Release|Any CPU
		{EC815637-332E-421D-86A9-7140E0DDDD6A}.Debug|Any CPU.ActiveCfg = Debug|Any CPU
		{EC815637-332E-421D-86A9-7140E0DDDD6A}.Debug|Any CPU.Build.0 = Debug|Any CPU
		{EC815637-332E-421D-86A9-7140E0DDDD6A}.Release|Any CPU.ActiveCfg = Release|Any CPU
		{EC815637-332E-421D-86A9-7140E0DDDD6A}.Release|Any CPU.Build.0 = Release|Any CPU
	EndGlobalSection
	GlobalSection(SolutionProperties) = preSolution
		HideSolutionNode = FALSE
	EndGlobalSection
	GlobalSection(ExtensibilityGlobals) = postSolution
		SolutionGuid = {C690AEAE-125A-402B-8EB3-D625F78A540B}
	EndGlobalSection
EndGlobal
